
Microsoft Visual Studio Solution File, Format Version 12.00
# Visual Studio 2013
VisualStudioVersion = 12.0.21005.1
MinimumVisualStudioVersion = 10.0.40219.1
Project("{FAE04EC0-301F-11D3-BF4B-00C04F79EFBC}") = "Seven7c.OA.UI.Portal", "Seven7c.OA.UI.Portal\Seven7c.OA.UI.Portal.csproj", "{3D43DC35-F147-4947-8AAC-344201E74E4A}"
EndProject
Project("{FAE04EC0-301F-11D3-BF4B-00C04F79EFBC}") = "Seven7c.OA.BLL", "Seven7c.OA.BLL\Seven7c.OA.BLL.csproj", "{4755AF45-8647-4F93-9763-0C29EAE21084}"
EndProject
Project("{FAE04EC0-301F-11D3-BF4B-00C04F79EFBC}") = "Seven7c.OA.IBLL", "Seven7c.OA.IBLL\Seven7c.OA.IBLL.csproj", "{477F7BB5-E719-4FBB-BB02-F13A65722F64}"
EndProject
Project("{FAE04EC0-301F-11D3-BF4B-00C04F79EFBC}") = "Seven7c.OA.Common", "Seven7c.OA.Common\Seven7c.OA.Common.csproj", "{AB1861EF-39F8-46E2-84FB-839E8BC32EF2}"
EndProject
Project("{FAE04EC0-301F-11D3-BF4B-00C04F79EFBC}") = "Seven7c.OA.EFDAL", "Seven7c.OA.EFDAL\Seven7c.OA.EFDAL.csproj", "{B741D165-7819-4BC4-A8CA-76632EDC1CE8}"
EndProject
Project("{FAE04EC0-301F-11D3-BF4B-00C04F79EFBC}") = "Seven7c.OA.ADONETDAL", "Seven7c.OA.ADONETDAL\Seven7c.OA.ADONETDAL.csproj", "{D37C1D7D-B2AA-4EB0-A613-2199B3877765}"
EndProject
Project("{FAE04EC0-301F-11D3-BF4B-00C04F79EFBC}") = "Seven7c.OA.IDAL", "Seven7c.OA.IDAL\Seven7c.OA.IDAL.csproj", "{B632DD02-E4A2-427B-ACC9-0826B334C6A5}"
EndProject
Project("{FAE04EC0-301F-11D3-BF4B-00C04F79EFBC}") = "Seven7c.OA.DALFactory", "Seven7c.OA.DALFactory\Seven7c.OA.DALFactory.csproj", "{3C474708-9A96-4F75-9AC7-B759CDD2DA26}"
EndProject
Project("{FAE04EC0-301F-11D3-BF4B-00C04F79EFBC}") = "Seven7c.OA.Model", "Seven7c.OA.Model\Seven7c.OA.Model.csproj", "{4B562CA9-E80D-4DCA-B0B1-088A9D7D8E04}"
EndProject
Project("{FAE04EC0-301F-11D3-BF4B-00C04F79EFBC}") = "Seven7c.OA.UnitTests", "Seven7c.OA.UnitTests\Seven7c.OA.UnitTests.csproj", "{0D061E8B-369B-45FB-8578-0DBC23485856}"
EndProject
Project("{2150E333-8FDC-42A3-9474-1A3956D46DE8}") = "UI", "UI", "{7B7D9DEA-8F1B-4BA2-92EE-4327F5C181DE}"
EndProject
Project("{2150E333-8FDC-42A3-9474-1A3956D46DE8}") = "BLL", "BLL", "{92D1643C-27D1-4039-A74D-698792EBD361}"
EndProject
Project("{2150E333-8FDC-42A3-9474-1A3956D46DE8}") = "DAL", "DAL", "{F1DB6433-356E-4643-AA39-72CE4910CA37}"
EndProject
Project("{2150E333-8FDC-42A3-9474-1A3956D46DE8}") = "Common", "Common", "{DBEB116B-E86E-46AE-A9B3-DDBE1C9C40BD}"
EndProject
Project("{2150E333-8FDC-42A3-9474-1A3956D46DE8}") = "Model", "Model", "{0C41AEA4-2444-45D1-AD61-03BAFA8F66C2}"
EndProject
Project("{2150E333-8FDC-42A3-9474-1A3956D46DE8}") = "Test", "Test", "{831BC77F-DF7F-491F-98E5-81DC5FA83C81}"
EndProject
Project("{2150E333-8FDC-42A3-9474-1A3956D46DE8}") = "Workflow", "Workflow", "{DC504165-575C-48A3-8336-6CA905AD4417}"
EndProject
Project("{FAE04EC0-301F-11D3-BF4B-00C04F79EFBC}") = "Seven7c.OA.WF", "Seven7c.OA.WF\Seven7c.OA.WF.csproj", "{638CCA39-4751-4D77-B9BC-6262E5D22E3E}"
EndProject
Global
	GlobalSection(SolutionConfigurationPlatforms) = preSolution
		Debug|Any CPU = Debug|Any CPU
		Release|Any CPU = Release|Any CPU
	EndGlobalSection
	GlobalSection(ProjectConfigurationPlatforms) = postSolution
		{3D43DC35-F147-4947-8AAC-344201E74E4A}.Debug|Any CPU.ActiveCfg = Debug|Any CPU
		{3D43DC35-F147-4947-8AAC-344201E74E4A}.Debug|Any CPU.Build.0 = Debug|Any CPU
		{3D43DC35-F147-4947-8AAC-344201E74E4A}.Release|Any CPU.ActiveCfg = Release|Any CPU
		{3D43DC35-F147-4947-8AAC-344201E74E4A}.Release|Any CPU.Build.0 = Release|Any CPU
		{4755AF45-8647-4F93-9763-0C29EAE21084}.Debug|Any CPU.ActiveCfg = Debug|Any CPU
		{4755AF45-8647-4F93-9763-0C29EAE21084}.Debug|Any CPU.Build.0 = Debug|Any CPU
		{4755AF45-8647-4F93-9763-0C29EAE21084}.Release|Any CPU.ActiveCfg = Release|Any CPU
		{4755AF45-8647-4F93-9763-0C29EAE21084}.Release|Any CPU.Build.0 = Release|Any CPU
		{477F7BB5-E719-4FBB-BB02-F13A65722F64}.Debug|Any CPU.ActiveCfg = Debug|Any CPU
		{477F7BB5-E719-4FBB-BB02-F13A65722F64}.Debug|Any CPU.Build.0 = Debug|Any CPU
		{477F7BB5-E719-4FBB-BB02-F13A65722F64}.Release|Any CPU.ActiveCfg = Release|Any CPU
		{477F7BB5-E719-4FBB-BB02-F13A65722F64}.Release|Any CPU.Build.0 = Release|Any CPU
		{AB1861EF-39F8-46E2-84FB-839E8BC32EF2}.Debug|Any CPU.ActiveCfg = Debug|Any CPU
		{AB1861EF-39F8-46E2-84FB-839E8BC32EF2}.Debug|Any CPU.Build.0 = Debug|Any CPU
		{AB1861EF-39F8-46E2-84FB-839E8BC32EF2}.Release|Any CPU.ActiveCfg = Release|Any CPU
		{AB1861EF-39F8-46E2-84FB-839E8BC32EF2}.Release|Any CPU.Build.0 = Release|Any CPU
		{B741D165-7819-4BC4-A8CA-76632EDC1CE8}.Debug|Any CPU.ActiveCfg = Debug|Any CPU
		{B741D165-7819-4BC4-A8CA-76632EDC1CE8}.Debug|Any CPU.Build.0 = Debug|Any CPU
		{B741D165-7819-4BC4-A8CA-76632EDC1CE8}.Release|Any CPU.ActiveCfg = Release|Any CPU
		{B741D165-7819-4BC4-A8CA-76632EDC1CE8}.Release|Any CPU.Build.0 = Release|Any CPU
		{D37C1D7D-B2AA-4EB0-A613-2199B3877765}.Debug|Any CPU.ActiveCfg = Debug|Any CPU
		{D37C1D7D-B2AA-4EB0-A613-2199B3877765}.Debug|Any CPU.Build.0 = Debug|Any CPU
		{D37C1D7D-B2AA-4EB0-A613-2199B3877765}.Release|Any CPU.ActiveCfg = Release|Any CPU
		{D37C1D7D-B2AA-4EB0-A613-2199B3877765}.Release|Any CPU.Build.0 = Release|Any CPU
		{B632DD02-E4A2-427B-ACC9-0826B334C6A5}.Debug|Any CPU.ActiveCfg = Debug|Any CPU
		{B632DD02-E4A2-427B-ACC9-0826B334C6A5}.Debug|Any CPU.Build.0 = Debug|Any CPU
		{B632DD02-E4A2-427B-ACC9-0826B334C6A5}.Release|Any CPU.ActiveCfg = Release|Any CPU
		{B632DD02-E4A2-427B-ACC9-0826B334C6A5}.Release|Any CPU.Build.0 = Release|Any CPU
		{3C474708-9A96-4F75-9AC7-B759CDD2DA26}.Debug|Any CPU.ActiveCfg = Debug|Any CPU
		{3C474708-9A96-4F75-9AC7-B759CDD2DA26}.Debug|Any CPU.Build.0 = Debug|Any CPU
		{3C474708-9A96-4F75-9AC7-B759CDD2DA26}.Release|Any CPU.ActiveCfg = Release|Any CPU
		{3C474708-9A96-4F75-9AC7-B759CDD2DA26}.Release|Any CPU.Build.0 = Release|Any CPU
		{4B562CA9-E80D-4DCA-B0B1-088A9D7D8E04}.Debug|Any CPU.ActiveCfg = Debug|Any CPU
		{4B562CA9-E80D-4DCA-B0B1-088A9D7D8E04}.Debug|Any CPU.Build.0 = Debug|Any CPU
		{4B562CA9-E80D-4DCA-B0B1-088A9D7D8E04}.Release|Any CPU.ActiveCfg = Release|Any CPU
		{4B562CA9-E80D-4DCA-B0B1-088A9D7D8E04}.Release|Any CPU.Build.0 = Release|Any CPU
		{0D061E8B-369B-45FB-8578-0DBC23485856}.Debug|Any CPU.ActiveCfg = Debug|Any CPU
		{0D061E8B-369B-45FB-8578-0DBC23485856}.Debug|Any CPU.Build.0 = Debug|Any CPU
		{0D061E8B-369B-45FB-8578-0DBC23485856}.Release|Any CPU.ActiveCfg = Release|Any CPU
		{0D061E8B-369B-45FB-8578-0DBC23485856}.Release|Any CPU.Build.0 = Release|Any CPU
		{638CCA39-4751-4D77-B9BC-6262E5D22E3E}.Debug|Any CPU.ActiveCfg = Debug|Any CPU
		{638CCA39-4751-4D77-B9BC-6262E5D22E3E}.Debug|Any CPU.Build.0 = Debug|Any CPU
		{638CCA39-4751-4D77-B9BC-6262E5D22E3E}.Release|Any CPU.ActiveCfg = Release|Any CPU
		{638CCA39-4751-4D77-B9BC-6262E5D22E3E}.Release|Any CPU.Build.0 = Release|Any CPU
	EndGlobalSection
	GlobalSection(SolutionProperties) = preSolution
		HideSolutionNode = FALSE
	EndGlobalSection
	GlobalSection(NestedProjects) = preSolution
		{3D43DC35-F147-4947-8AAC-344201E74E4A} = {7B7D9DEA-8F1B-4BA2-92EE-4327F5C181DE}
		{477F7BB5-E719-4FBB-BB02-F13A65722F64} = {92D1643C-27D1-4039-A74D-698792EBD361}
		{4755AF45-8647-4F93-9763-0C29EAE21084} = {92D1643C-27D1-4039-A74D-698792EBD361}
		{AB1861EF-39F8-46E2-84FB-839E8BC32EF2} = {DBEB116B-E86E-46AE-A9B3-DDBE1C9C40BD}
		{D37C1D7D-B2AA-4EB0-A613-2199B3877765} = {F1DB6433-356E-4643-AA39-72CE4910CA37}
		{B632DD02-E4A2-427B-ACC9-0826B334C6A5} = {F1DB6433-356E-4643-AA39-72CE4910CA37}
		{3C474708-9A96-4F75-9AC7-B759CDD2DA26} = {F1DB6433-356E-4643-AA39-72CE4910CA37}
		{B741D165-7819-4BC4-A8CA-76632EDC1CE8} = {F1DB6433-356E-4643-AA39-72CE4910CA37}
		{4B562CA9-E80D-4DCA-B0B1-088A9D7D8E04} = {0C41AEA4-2444-45D1-AD61-03BAFA8F66C2}
		{0D061E8B-369B-45FB-8578-0DBC23485856} = {831BC77F-DF7F-491F-98E5-81DC5FA83C81}
		{638CCA39-4751-4D77-B9BC-6262E5D22E3E} = {DC504165-575C-48A3-8336-6CA905AD4417}
	EndGlobalSection
EndGlobal
